
Microsoft Visual Studio Solution File, Format Version 12.00
# Visual Studio Version 16
VisualStudioVersion = 16.0.32228.343
MinimumVisualStudioVersion = 10.0.40219.1
Project("{8BC9CEB8-8B4A-11D0-8D11-00A0C91BC942}") = "Test", "Test.vcxproj", "{EB3A79C6-56A3-43D2-BE1C-80161F8B040A}"
EndProject
Global
	GlobalSection(SolutionConfigurationPlatforms) = preSolution
		Debug|x64 = Debug|x64
		Debug|x86 = Debug|x86
		Release|x64 = Release|x64
		Release|x86 = Release|x86
	EndGlobalSection
	GlobalSection(ProjectConfigurationPlatforms) = postSolution
		{EB3A79C6-56A3-43D2-BE1C-80161F8B040A}.Debug|x64.ActiveCfg = Debug|x64
		{EB3A79C6-56A3-43D2-BE1C-80161F8B040A}.Debug|x64.Build.0 = Debug|x64
		{EB3A79C6-56A3-43D2-BE1C-80161F8B040A}.Debug|x86.ActiveCfg = Debug|Win32
		{EB3A79C6-56A3-43D2-BE1C-80161F8B040A}.Debug|x86.Build.0 = Debug|Win32
		{EB3A79C6-56A3-43D2-BE1C-80161F8B040A}.Release|x64.ActiveCfg = Release|x64
		{EB3A79C6-56A3-43D2-BE1C-80161F8B040A}.Release|x64.Build.0 = Release|x64
		{EB3A79C6-56A3-43D2-BE1C-80161F8B040A}.Release|x86.ActiveCfg = Release|Win32
		{EB3A79C6-56A3-43D2-BE1C-80161F8B040A}.Release|x86.Build.0 = Release|Win32
	EndGlobalSection
	GlobalSection(SolutionProperties) = preSolution
		HideSolutionNode = FALSE
	EndGlobalSection
	GlobalSection(ExtensibilityGlobals) = postSolution
		SolutionGuid = {22AABA92-A10B-436C-9910-380484F2DACE}
	EndGlobalSection
EndGlobal
